// !$*UTF8*$!
{
	archiveVersion = 1;
	classes = {
	};
	objectVersion = 56;
	objects = {

/* Begin PBXBuildFile section */
		BD4C3BB02A7344DB00366928 /* SwiftDataTodoFunApp.swift in Sources */ = {isa = PBXBuildFile; fileRef = BD4C3BAF2A7344DB00366928 /* SwiftDataTodoFunApp.swift */; };
		BD4C3BB22A7344DB00366928 /* ContentView.swift in Sources */ = {isa = PBXBuildFile; fileRef = BD4C3BB12A7344DB00366928 /* ContentView.swift */; };
		BD4C3BB42A7344DB00366928 /* Assets.xcassets in Resources */ = {isa = PBXBuildFile; fileRef = BD4C3BB32A7344DB00366928 /* Assets.xcassets */; };
		BD4C3BB72A7344DB00366928 /* Preview Assets.xcassets in Resources */ = {isa = PBXBuildFile; fileRef = BD4C3BB62A7344DB00366928 /* Preview Assets.xcassets */; };
		BD4C3BBF2A734A4B00366928 /* Todo.swift in Sources */ = {isa = PBXBuildFile; fileRef = BD4C3BBE2A734A4B00366928 /* Todo.swift */; };
		BDC6EF9B2A7352DB00B0ABAE /* TodoListView.swift in Sources */ = {isa = PBXBuildFile; fileRef = BDC6EF9A2A7352DB00B0ABAE /* TodoListView.swift */; };
		BDC6EF9E2A73548600B0ABAE /* TodoListPreviewContainer.swift in Sources */ = {isa = PBXBuildFile; fileRef = BDC6EF9D2A73548600B0ABAE /* TodoListPreviewContainer.swift */; };
		BDC6EFA02A73554600B0ABAE /* SampleTodos.swift in Sources */ = {isa = PBXBuildFile; fileRef = BDC6EF9F2A73554600B0ABAE /* SampleTodos.swift */; };
		BDC6EFA22A736F2600B0ABAE /* TodoViewModel.swift in Sources */ = {isa = PBXBuildFile; fileRef = BDC6EFA12A736F2600B0ABAE /* TodoViewModel.swift */; };
/* End PBXBuildFile section */

/* Begin PBXFileReference section */
		BD4C3BAC2A7344DB00366928 /* SwiftDataTodoFun.app */ = {isa = PBXFileReference; explicitFileType = wrapper.application; includeInIndex = 0; path = SwiftDataTodoFun.app; sourceTree = BUILT_PRODUCTS_DIR; };
		BD4C3BAF2A7344DB00366928 /* SwiftDataTodoFunApp.swift */ = {isa = PBXFileReference; lastKnownFileType = sourcecode.swift; path = SwiftDataTodoFunApp.swift; sourceTree = "<group>"; };
		BD4C3BB12A7344DB00366928 /* ContentView.swift */ = {isa = PBXFileReference; lastKnownFileType = sourcecode.swift; path = ContentView.swift; sourceTree = "<group>"; };
		BD4C3BB32A7344DB00366928 /* Assets.xcassets */ = {isa = PBXFileReference; lastKnownFileType = folder.assetcatalog; path = Assets.xcassets; sourceTree = "<group>"; };
		BD4C3BB62A7344DB00366928 /* Preview Assets.xcassets */ = {isa = PBXFileReference; lastKnownFileType = folder.assetcatalog; path = "Preview Assets.xcassets"; sourceTree = "<group>"; };
		BD4C3BBE2A734A4B00366928 /* Todo.swift */ = {isa = PBXFileReference; lastKnownFileType = sourcecode.swift; path = Todo.swift; sourceTree = "<group>"; };
		BDC6EF9A2A7352DB00B0ABAE /* TodoListView.swift */ = {isa = PBXFileReference; lastKnownFileType = sourcecode.swift; path = TodoListView.swift; sourceTree = "<group>"; };
		BDC6EF9D2A73548600B0ABAE /* TodoListPreviewContainer.swift */ = {isa = PBXFileReference; lastKnownFileType = sourcecode.swift; path = TodoListPreviewContainer.swift; sourceTree = "<group>"; };
		BDC6EF9F2A73554600B0ABAE /* SampleTodos.swift */ = {isa = PBXFileReference; lastKnownFileType = sourcecode.swift; path = SampleTodos.swift; sourceTree = "<group>"; };
		BDC6EFA12A736F2600B0ABAE /* TodoViewModel.swift */ = {isa = PBXFileReference; lastKnownFileType = sourcecode.swift; path = TodoViewModel.swift; sourceTree = "<group>"; };
/* End PBXFileReference section */

/* Begin PBXFrameworksBuildPhase section */
		BD4C3BA92A7344DB00366928 /* Frameworks */ = {
			isa = PBXFrameworksBuildPhase;
			buildActionMask = 2147483647;
			files = (
			);
			runOnlyForDeploymentPostprocessing = 0;
		};
/* End PBXFrameworksBuildPhase section */

/* Begin PBXGroup section */
		BD4C3BA32A7344DA00366928 = {
			isa = PBXGroup;
			children = (
				BD4C3BAE2A7344DB00366928 /* SwiftDataTodoFun */,
				BD4C3BAD2A7344DB00366928 /* Products */,
			);
			sourceTree = "<group>";
		};
		BD4C3BAD2A7344DB00366928 /* Products */ = {
			isa = PBXGroup;
			children = (
				BD4C3BAC2A7344DB00366928 /* SwiftDataTodoFun.app */,
			);
			name = Products;
			sourceTree = "<group>";
		};
		BD4C3BAE2A7344DB00366928 /* SwiftDataTodoFun */ = {
			isa = PBXGroup;
			children = (
				BDC6EFA42A739B0700B0ABAE /* ViewModels */,
				BDC6EF9C2A73545A00B0ABAE /* Support */,
				BDC6EF992A7352BD00B0ABAE /* Views */,
				BD4C3BBD2A734A4200366928 /* Models */,
				BD4C3BAF2A7344DB00366928 /* SwiftDataTodoFunApp.swift */,
				BD4C3BB32A7344DB00366928 /* Assets.xcassets */,
				BD4C3BB52A7344DB00366928 /* Preview Content */,
			);
			path = SwiftDataTodoFun;
			sourceTree = "<group>";
		};
		BD4C3BB52A7344DB00366928 /* Preview Content */ = {
			isa = PBXGroup;
			children = (
				BD4C3BB62A7344DB00366928 /* Preview Assets.xcassets */,
			);
			path = "Preview Content";
			sourceTree = "<group>";
		};
		BD4C3BBD2A734A4200366928 /* Models */ = {
			isa = PBXGroup;
			children = (
				BD4C3BBE2A734A4B00366928 /* Todo.swift */,
			);
			path = Models;
			sourceTree = "<group>";
		};
		BDC6EF992A7352BD00B0ABAE /* Views */ = {
			isa = PBXGroup;
			children = (
				BDC6EF9A2A7352DB00B0ABAE /* TodoListView.swift */,
				BD4C3BB12A7344DB00366928 /* ContentView.swift */,
			);
			path = Views;
			sourceTree = "<group>";
		};
		BDC6EF9C2A73545A00B0ABAE /* Support */ = {
			isa = PBXGroup;
			children = (
				BDC6EF9D2A73548600B0ABAE /* TodoListPreviewContainer.swift */,
				BDC6EF9F2A73554600B0ABAE /* SampleTodos.swift */,
			);
			path = Support;
			sourceTree = "<group>";
		};
		BDC6EFA42A739B0700B0ABAE /* ViewModels */ = {
			isa = PBXGroup;
			children = (
				BDC6EFA12A736F2600B0ABAE /* TodoViewModel.swift */,
			);
			path = ViewModels;
			sourceTree = "<group>";
		};
/* End PBXGroup section */

/* Begin PBXNativeTarget section */
		BD4C3BAB2A7344DB00366928 /* SwiftDataTodoFun */ = {
			isa = PBXNativeTarget;
			buildConfigurationList = BD4C3BBA2A7344DB00366928 /* Build configuration list for PBXNativeTarget "SwiftDataTodoFun" */;
			buildPhases = (
				BD4C3BA82A7344DB00366928 /* Sources */,
				BD4C3BA92A7344DB00366928 /* Frameworks */,
				BD4C3BAA2A7344DB00366928 /* Resources */,
			);
			buildRules = (
			);
			dependencies = (
			);
			name = SwiftDataTodoFun;
			productName = SwiftDataTodoFun;
			productReference = BD4C3BAC2A7344DB00366928 /* SwiftDataTodoFun.app */;
			productType = "com.apple.product-type.application";
		};
/* End PBXNativeTarget section */

/* Begin PBXProject section */
		BD4C3BA42A7344DA00366928 /* Project object */ = {
			isa = PBXProject;
			attributes = {
				BuildIndependentTargetsInParallel = 1;
				LastSwiftUpdateCheck = 1500;
				LastUpgradeCheck = 1500;
				TargetAttributes = {
					BD4C3BAB2A7344DB00366928 = {
						CreatedOnToolsVersion = 15.0;
					};
				};
			};
			buildConfigurationList = BD4C3BA72A7344DA00366928 /* Build configuration list for PBXProject "SwiftDataTodoFun" */;
			compatibilityVersion = "Xcode 14.0";
			developmentRegion = en;
			hasScannedForEncodings = 0;
			knownRegions = (
				en,
				Base,
			);
			mainGroup = BD4C3BA32A7344DA00366928;
			productRefGroup = BD4C3BAD2A7344DB00366928 /* Products */;
			projectDirPath = "";
			projectRoot = "";
			targets = (
				BD4C3BAB2A7344DB00366928 /* SwiftDataTodoFun */,
			);
		};
/* End PBXProject section */

/* Begin PBXResourcesBuildPhase section */
		BD4C3BAA2A7344DB00366928 /* Resources */ = {
			isa = PBXResourcesBuildPhase;
			buildActionMask = 2147483647;
			files = (
				BD4C3BB72A7344DB00366928 /* Preview Assets.xcassets in Resources */,
				BD4C3BB42A7344DB00366928 /* Assets.xcassets in Resources */,
			);
			runOnlyForDeploymentPostprocessing = 0;
		};
/* End PBXResourcesBuildPhase section */

/* Begin PBXSourcesBuildPhase section */
		BD4C3BA82A7344DB00366928 /* Sources */ = {
			isa = PBXSourcesBuildPhase;
			buildActionMask = 2147483647;
			files = (
				BDC6EF9E2A73548600B0ABAE /* TodoListPreviewContainer.swift in Sources */,
				BD4C3BBF2A734A4B00366928 /* Todo.swift in Sources */,
				BD4C3BB22A7344DB00366928 /* ContentView.swift in Sources */,
				BD4C3BB02A7344DB00366928 /* SwiftDataTodoFunApp.swift in Sources */,
				BDC6EF9B2A7352DB00B0ABAE /* TodoListView.swift in Sources */,
				BDC6EFA22A736F2600B0ABAE /* TodoViewModel.swift in Sources */,
				BDC6EFA02A73554600B0ABAE /* SampleTodos.swift in Sources */,
			);
			runOnlyForDeploymentPostprocessing = 0;
		};
/* End PBXSourcesBuildPhase section */

/* Begin XCBuildConfiguration section */
		BD4C3BB82A7344DB00366928 /* Debug */ = {
			isa = XCBuildConfiguration;
			buildSettings = {
				ALWAYS_SEARCH_USER_PATHS = NO;
				ASSETCATALOG_COMPILER_GENERATE_SWIFT_ASSET_SYMBOL_EXTENSIONS = YES;
				CLANG_ANALYZER_NONNULL = YES;
				CLANG_ANALYZER_NUMBER_OBJECT_CONVERSION = YES_AGGRESSIVE;
				CLANG_CXX_LANGUAGE_STANDARD = "gnu++20";
				CLANG_ENABLE_MODULES = YES;
				CLANG_ENABLE_OBJC_ARC = YES;
				CLANG_ENABLE_OBJC_WEAK = YES;
				CLANG_WARN_BLOCK_CAPTURE_AUTORELEASING = YES;
				CLANG_WARN_BOOL_CONVERSION = YES;
				CLANG_WARN_COMMA = YES;
				CLANG_WARN_CONSTANT_CONVERSION = YES;
				CLANG_WARN_DEPRECATED_OBJC_IMPLEMENTATIONS = YES;
				CLANG_WARN_DIRECT_OBJC_ISA_USAGE = YES_ERROR;
				CLANG_WARN_DOCUMENTATION_COMMENTS = YES;
				CLANG_WARN_EMPTY_BODY = YES;
				CLANG_WARN_ENUM_CONVERSION = YES;
				CLANG_WARN_INFINITE_RECURSION = YES;
				CLANG_WARN_INT_CONVERSION = YES;
				CLANG_WARN_NON_LITERAL_NULL_CONVERSION = YES;
				CLANG_WARN_OBJC_IMPLICIT_RETAIN_SELF = YES;
				CLANG_WARN_OBJC_LITERAL_CONVERSION = YES;
				CLANG_WARN_OBJC_ROOT_CLASS = YES_ERROR;
				CLANG_WARN_QUOTED_INCLUDE_IN_FRAMEWORK_HEADER = YES;
				CLANG_WARN_RANGE_LOOP_ANALYSIS = YES;
				CLANG_WARN_STRICT_PROTOTYPES = YES;
				CLANG_WARN_SUSPICIOUS_MOVE = YES;
				CLANG_WARN_UNGUARDED_AVAILABILITY = YES_AGGRESSIVE;
				CLANG_WARN_UNREACHABLE_CODE = YES;
				CLANG_WARN__DUPLICATE_METHOD_MATCH = YES;
				COPY_PHASE_STRIP = NO;
				DEBUG_INFORMATION_FORMAT = dwarf;
				ENABLE_STRICT_OBJC_MSGSEND = YES;
				ENABLE_TESTABILITY = YES;
				ENABLE_USER_SCRIPT_SANDBOXING = YES;
				GCC_C_LANGUAGE_STANDARD = gnu17;
				GCC_DYNAMIC_NO_PIC = NO;
				GCC_NO_COMMON_BLOCKS = YES;
				GCC_OPTIMIZATION_LEVEL = 0;
				GCC_PREPROCESSOR_DEFINITIONS = (
					"DEBUG=1",
					"$(inherited)",
				);
				GCC_WARN_64_TO_32_BIT_CONVERSION = YES;
				GCC_WARN_ABOUT_RETURN_TYPE = YES_ERROR;
				GCC_WARN_UNDECLARED_SELECTOR = YES;
				GCC_WARN_UNINITIALIZED_AUTOS = YES_AGGRESSIVE;
				GCC_WARN_UNUSED_FUNCTION = YES;
				GCC_WARN_UNUSED_VARIABLE = YES;
				IPHONEOS_DEPLOYMENT_TARGET = 17.0;
				LOCALIZATION_PREFERS_STRING_CATALOGS = YES;
				MTL_ENABLE_DEBUG_INFO = INCLUDE_SOURCE;
				MTL_FAST_MATH = YES;
				ONLY_ACTIVE_ARCH = YES;
				SDKROOT = iphoneos;
				SWIFT_ACTIVE_COMPILATION_CONDITIONS = "DEBUG $(inherited)";
				SWIFT_OPTIMIZATION_LEVEL = "-Onone";
			};
			name = Debug;
		};
		BD4C3BB92A7344DB00366928 /* Release */ = {
			isa = XCBuildConfiguration;
			buildSettings = {
				ALWAYS_SEARCH_USER_PATHS = NO;
				ASSETCATALOG_COMPILER_GENERATE_SWIFT_ASSET_SYMBOL_EXTENSIONS = YES;
				CLANG_ANALYZER_NONNULL = YES;
				CLANG_ANALYZER_NUMBER_OBJECT_CONVERSION = YES_AGGRESSIVE;
				CLANG_CXX_LANGUAGE_STANDARD = "gnu++20";
				CLANG_ENABLE_MODULES = YES;
				CLANG_ENABLE_OBJC_ARC = YES;
				CLANG_ENABLE_OBJC_WEAK = YES;
				CLANG_WARN_BLOCK_CAPTURE_AUTORELEASING = YES;
				CLANG_WARN_BOOL_CONVERSION = YES;
				CLANG_WARN_COMMA = YES;
				CLANG_WARN_CONSTANT_CONVERSION = YES;
				CLANG_WARN_DEPRECATED_OBJC_IMPLEMENTATIONS = YES;
				CLANG_WARN_DIRECT_OBJC_ISA_USAGE = YES_ERROR;
				CLANG_WARN_DOCUMENTATION_COMMENTS = YES;
				CLANG_WARN_EMPTY_BODY = YES;
				CLANG_WARN_ENUM_CONVERSION = YES;
				CLANG_WARN_INFINITE_RECURSION = YES;
				CLANG_WARN_INT_CONVERSION = YES;
				CLANG_WARN_NON_LITERAL_NULL_CONVERSION = YES;
				CLANG_WARN_OBJC_IMPLICIT_RETAIN_SELF = YES;
				CLANG_WARN_OBJC_LITERAL_CONVERSION = YES;
				CLANG_WARN_OBJC_ROOT_CLASS = YES_ERROR;
				CLANG_WARN_QUOTED_INCLUDE_IN_FRAMEWORK_HEADER = YES;
				CLANG_WARN_RANGE_LOOP_ANALYSIS = YES;
				CLANG_WARN_STRICT_PROTOTYPES = YES;
				CLANG_WARN_SUSPICIOUS_MOVE = YES;
				CLANG_WARN_UNGUARDED_AVAILABILITY = YES_AGGRESSIVE;
				CLANG_WARN_UNREACHABLE_CODE = YES;
				CLANG_WARN__DUPLICATE_METHOD_MATCH = YES;
				COPY_PHASE_STRIP = NO;
				DEBUG_INFORMATION_FORMAT = "dwarf-with-dsym";
				ENABLE_NS_ASSERTIONS = NO;
				ENABLE_STRICT_OBJC_MSGSEND = YES;
				ENABLE_USER_SCRIPT_SANDBOXING = YES;
				GCC_C_LANGUAGE_STANDARD = gnu17;
				GCC_NO_COMMON_BLOCKS = YES;
				GCC_WARN_64_TO_32_BIT_CONVERSION = YES;
				GCC_WARN_ABOUT_RETURN_TYPE = YES_ERROR;
				GCC_WARN_UNDECLARED_SELECTOR = YES;
				GCC_WARN_UNINITIALIZED_AUTOS = YES_AGGRESSIVE;
				GCC_WARN_UNUSED_FUNCTION = YES;
				GCC_WARN_UNUSED_VARIABLE = YES;
				IPHONEOS_DEPLOYMENT_TARGET = 17.0;
				LOCALIZATION_PREFERS_STRING_CATALOGS = YES;
				MTL_ENABLE_DEBUG_INFO = NO;
				MTL_FAST_MATH = YES;
				SDKROOT = iphoneos;
				SWIFT_COMPILATION_MODE = wholemodule;
				VALIDATE_PRODUCT = YES;
			};
			name = Release;
		};
		BD4C3BBB2A7344DB00366928 /* Debug */ = {
			isa = XCBuildConfiguration;
			buildSettings = {
				ASSETCATALOG_COMPILER_APPICON_NAME = AppIcon;
				ASSETCATALOG_COMPILER_GLOBAL_ACCENT_COLOR_NAME = AccentColor;
				CODE_SIGN_STYLE = Automatic;
				CURRENT_PROJECT_VERSION = 1;
				DEVELOPMENT_ASSET_PATHS = "\"SwiftDataTodoFun/Preview Content\"";
				DEVELOPMENT_TEAM = HV7TRQD227;
				ENABLE_PREVIEWS = YES;
				GENERATE_INFOPLIST_FILE = YES;
				INFOPLIST_KEY_UIApplicationSceneManifest_Generation = YES;
				INFOPLIST_KEY_UIApplicationSupportsIndirectInputEvents = YES;
				INFOPLIST_KEY_UILaunchScreen_Generation = YES;
				INFOPLIST_KEY_UISupportedInterfaceOrientations = "UIInterfaceOrientationLandscapeLeft UIInterfaceOrientationLandscapeRight UIInterfaceOrientationPortrait";
				INFOPLIST_KEY_UISupportedInterfaceOrientations_iPad = "UIInterfaceOrientationLandscapeLeft UIInterfaceOrientationLandscapeRight UIInterfaceOrientationPortrait UIInterfaceOrientationPortraitUpsideDown";
				LD_RUNPATH_SEARCH_PATHS = (
					"$(inherited)",
					"@executable_path/Frameworks",
				);
				MARKETING_VERSION = 1.0;
				PRODUCT_BUNDLE_IDENTIFIER = "Neal-Archival.SwiftDataTodoFun";
				PRODUCT_NAME = "$(TARGET_NAME)";
				SWIFT_EMIT_LOC_STRINGS = YES;
				SWIFT_VERSION = 5.0;
				TARGETED_DEVICE_FAMILY = "1,2";
			};
			name = Debug;
		};
		BD4C3BBC2A7344DB00366928 /* Release */ = {
			isa = XCBuildConfiguration;
			buildSettings = {
				ASSETCATALOG_COMPILER_APPICON_NAME = AppIcon;
				ASSETCATALOG_COMPILER_GLOBAL_ACCENT_COLOR_NAME = AccentColor;
				CODE_SIGN_STYLE = Automatic;
				CURRENT_PROJECT_VERSION = 1;
				DEVELOPMENT_ASSET_PATHS = "\"SwiftDataTodoFun/Preview Content\"";
				DEVELOPMENT_TEAM = HV7TRQD227;
				ENABLE_PREVIEWS = YES;
				GENERATE_INFOPLIST_FILE = YES;
				INFOPLIST_KEY_UIApplicationSceneManifest_Generation = YES;
				INFOPLIST_KEY_UIApplicationSupportsIndirectInputEvents = YES;
				INFOPLIST_KEY_UILaunchScreen_Generation = YES;
				INFOPLIST_KEY_UISupportedInterfaceOrientations = "UIInterfaceOrientationLandscapeLeft UIInterfaceOrientationLandscapeRight UIInterfaceOrientationPortrait";
				INFOPLIST_KEY_UISupportedInterfaceOrientations_iPad = "UIInterfaceOrientationLandscapeLeft UIInterfaceOrientationLandscapeRight UIInterfaceOrientationPortrait UIInterfaceOrientationPortraitUpsideDown";
				LD_RUNPATH_SEARCH_PATHS = (
					"$(inherited)",
					"@executable_path/Frameworks",
				);
				MARKETING_VERSION = 1.0;
				PRODUCT_BUNDLE_IDENTIFIER = "Neal-Archival.SwiftDataTodoFun";
				PRODUCT_NAME = "$(TARGET_NAME)";
				SWIFT_EMIT_LOC_STRINGS = YES;
				SWIFT_VERSION = 5.0;
				TARGETED_DEVICE_FAMILY = "1,2";
			};
			name = Release;
		};
/* End XCBuildConfiguration section */

/* Begin XCConfigurationList section */
		BD4C3BA72A7344DA00366928 /* Build configuration list for PBXProject "SwiftDataTodoFun" */ = {
			isa = XCConfigurationList;
			buildConfigurations = (
				BD4C3BB82A7344DB00366928 /* Debug */,
				BD4C3BB92A7344DB00366928 /* Release */,
			);
			defaultConfigurationIsVisible = 0;
			defaultConfigurationName = Release;
		};
		BD4C3BBA2A7344DB00366928 /* Build configuration list for PBXNativeTarget "SwiftDataTodoFun" */ = {
			isa = XCConfigurationList;
			buildConfigurations = (
				BD4C3BBB2A7344DB00366928 /* Debug */,
				BD4C3BBC2A7344DB00366928 /* Release */,
			);
			defaultConfigurationIsVisible = 0;
			defaultConfigurationName = Release;
		};
/* End XCConfigurationList section */
	};
	rootObject = BD4C3BA42A7344DA00366928 /* Project object */;
}
